
Microsoft Visual Studio Solution File, Format Version 12.00
# Visual Studio Version 17
VisualStudioVersion = 17.8.34525.116
MinimumVisualStudioVersion = 10.0.40219.1
Project("{FAE04EC0-301F-11D3-BF4B-00C04F79EFBC}") = "MiPrimerHolaMundo", "MiPrimerHolaMundo.csproj", "{9F33F248-CBE2-4B21-B93C-5DA213676ADA}"
EndProject
Global
	GlobalSection(SolutionConfigurationPlatforms) = preSolution
		Debug|Any CPU = Debug|Any CPU
		Release|Any CPU = Release|Any CPU
	EndGlobalSection
	GlobalSection(ProjectConfigurationPlatforms) = postSolution
		{9F33F248-CBE2-4B21-B93C-5DA213676ADA}.Debug|Any CPU.ActiveCfg = Debug|Any CPU
		{9F33F248-CBE2-4B21-B93C-5DA213676ADA}.Debug|Any CPU.Build.0 = Debug|Any CPU
		{9F33F248-CBE2-4B21-B93C-5DA213676ADA}.Release|Any CPU.ActiveCfg = Release|Any CPU
		{9F33F248-CBE2-4B21-B93C-5DA213676ADA}.Release|Any CPU.Build.0 = Release|Any CPU
	EndGlobalSection
	GlobalSection(SolutionProperties) = preSolution
		HideSolutionNode = FALSE
	EndGlobalSection
	GlobalSection(ExtensibilityGlobals) = postSolution
		SolutionGuid = {11C9FEF2-E3F1-4B54-8777-A219834B2767}
	EndGlobalSection
EndGlobal
